
Microsoft Visual Studio Solution File, Format Version 12.00
# Visual Studio 15
Project("{FAE04EC0-301F-11D3-BF4B-00C04F79EFBC}") = "PaintTest", "PaintTest.csproj", "{36824479-9108-1E42-4596-891AC936D1DC}"
EndProject
Project("{FAE04EC0-301F-11D3-BF4B-00C04F79EFBC}") = "PaintTest.Editor", "PaintTest.Editor.csproj", "{7AC0191C-E02F-713F-FD8E-1CD54694E199}"
EndProject
Global
	GlobalSection(SolutionConfigurationPlatforms) = preSolution
		Debug|Any CPU = Debug|Any CPU
		Release|Any CPU = Release|Any CPU
	EndGlobalSection
	GlobalSection(ProjectConfigurationPlatforms) = postSolution
		{36824479-9108-1E42-4596-891AC936D1DC}.Debug|Any CPU.ActiveCfg = Debug|Any CPU
		{36824479-9108-1E42-4596-891AC936D1DC}.Debug|Any CPU.Build.0 = Debug|Any CPU
		{36824479-9108-1E42-4596-891AC936D1DC}.Release|Any CPU.ActiveCfg = Release|Any CPU
		{36824479-9108-1E42-4596-891AC936D1DC}.Release|Any CPU.Build.0 = Release|Any CPU
		{7AC0191C-E02F-713F-FD8E-1CD54694E199}.Debug|Any CPU.ActiveCfg = Debug|Any CPU
		{7AC0191C-E02F-713F-FD8E-1CD54694E199}.Debug|Any CPU.Build.0 = Debug|Any CPU
		{7AC0191C-E02F-713F-FD8E-1CD54694E199}.Release|Any CPU.ActiveCfg = Release|Any CPU
		{7AC0191C-E02F-713F-FD8E-1CD54694E199}.Release|Any CPU.Build.0 = Release|Any CPU
	EndGlobalSection
	GlobalSection(SolutionProperties) = preSolution
		HideSolutionNode = FALSE
	EndGlobalSection
EndGlobal
